// !$*UTF8*$!
{
	archiveVersion = 1;
	classes = {
	};
	objectVersion = 50;
	objects = {

/* Begin PBXBuildFile section */
		5246518B20F7C079001DC664 /* LandingScreenDataSource.swift in Sources */ = {isa = PBXBuildFile; fileRef = 5246518A20F7C079001DC664 /* LandingScreenDataSource.swift */; };
		5246518E20F7C196001DC664 /* AreaSelection.swift in Sources */ = {isa = PBXBuildFile; fileRef = 5246518D20F7C196001DC664 /* AreaSelection.swift */; };
		5246519020F7D35E001DC664 /* CategTableViewCell.swift in Sources */ = {isa = PBXBuildFile; fileRef = 5246518F20F7D35E001DC664 /* CategTableViewCell.swift */; };
		5260CF3420DEE6BD0090CE28 /* LandingController.swift in Sources */ = {isa = PBXBuildFile; fileRef = 5260CF3320DEE6BD0090CE28 /* LandingController.swift */; };
		526CC64820E13F3100A36C0E /* SwiftyJSON.swift in Sources */ = {isa = PBXBuildFile; fileRef = 526CC64720E13F3100A36C0E /* SwiftyJSON.swift */; };
		526CC64A20E1422700A36C0E /* NetworkingManager.swift in Sources */ = {isa = PBXBuildFile; fileRef = 526CC64920E1422700A36C0E /* NetworkingManager.swift */; };
		526CC64C20E167F700A36C0E /* TermsAndConditionsViewController.swift in Sources */ = {isa = PBXBuildFile; fileRef = 526CC64B20E167F700A36C0E /* TermsAndConditionsViewController.swift */; };
		52CC96AE20D3583E00113316 /* NextViewController.swift in Sources */ = {isa = PBXBuildFile; fileRef = 52CC96AD20D3583E00113316 /* NextViewController.swift */; };
		52ED040620FF98D2001BF816 /* SliderViewController.swift in Sources */ = {isa = PBXBuildFile; fileRef = 52ED040520FF98D2001BF816 /* SliderViewController.swift */; };
		52F50DCC20CECB4100F626F6 /* AppDelegate.swift in Sources */ = {isa = PBXBuildFile; fileRef = 52F50DCB20CECB4100F626F6 /* AppDelegate.swift */; };
		52F50DCE20CECB4100F626F6 /* ViewController.swift in Sources */ = {isa = PBXBuildFile; fileRef = 52F50DCD20CECB4100F626F6 /* ViewController.swift */; };
		52F50DD120CECB4100F626F6 /* Main.storyboard in Resources */ = {isa = PBXBuildFile; fileRef = 52F50DCF20CECB4100F626F6 /* Main.storyboard */; };
		52F50DD320CECB4300F626F6 /* Assets.xcassets in Resources */ = {isa = PBXBuildFile; fileRef = 52F50DD220CECB4300F626F6 /* Assets.xcassets */; };
		52F50DD620CECB4300F626F6 /* LaunchScreen.storyboard in Resources */ = {isa = PBXBuildFile; fileRef = 52F50DD420CECB4300F626F6 /* LaunchScreen.storyboard */; };
		52F50DE120CECB4300F626F6 /* TrilogyTests.swift in Sources */ = {isa = PBXBuildFile; fileRef = 52F50DE020CECB4300F626F6 /* TrilogyTests.swift */; };
		E61EA73930F666F4C92237FE /* Pods_TrilogyTests.framework in Frameworks */ = {isa = PBXBuildFile; fileRef = 35B8EC419ABA5D0F528BE8EF /* Pods_TrilogyTests.framework */; };
		F7BEEFA1F018D7D5B472E5EF /* Pods_Trilogy.framework in Frameworks */ = {isa = PBXBuildFile; fileRef = E3E5A6A965EA23F9C759965F /* Pods_Trilogy.framework */; };
/* End PBXBuildFile section */

/* Begin PBXContainerItemProxy section */
		52F50DDD20CECB4300F626F6 /* PBXContainerItemProxy */ = {
			isa = PBXContainerItemProxy;
			containerPortal = 52F50DC020CECB4100F626F6 /* Project object */;
			proxyType = 1;
			remoteGlobalIDString = 52F50DC720CECB4100F626F6;
			remoteInfo = Trilogy;
		};
/* End PBXContainerItemProxy section */

/* Begin PBXCopyFilesBuildPhase section */
		52F50E4820CEF94500F626F6 /* Embed Frameworks */ = {
			isa = PBXCopyFilesBuildPhase;
			buildActionMask = 2147483647;
			dstPath = "";
			dstSubfolderSpec = 10;
			files = (
			);
			name = "Embed Frameworks";
			runOnlyForDeploymentPostprocessing = 0;
		};
/* End PBXCopyFilesBuildPhase section */

/* Begin PBXFileReference section */
		063BEE2E98A21D386DEE17EF /* Pods-TrilogyTests.release.xcconfig */ = {isa = PBXFileReference; includeInIndex = 1; lastKnownFileType = text.xcconfig; name = "Pods-TrilogyTests.release.xcconfig"; path = "Pods/Target Support Files/Pods-TrilogyTests/Pods-TrilogyTests.release.xcconfig"; sourceTree = "<group>"; };
		2AFE6DC9DE6345E4D62333A1 /* Pods-Trilogy.debug.xcconfig */ = {isa = PBXFileReference; includeInIndex = 1; lastKnownFileType = text.xcconfig; name = "Pods-Trilogy.debug.xcconfig"; path = "Pods/Target Support Files/Pods-Trilogy/Pods-Trilogy.debug.xcconfig"; sourceTree = "<group>"; };
		35B8EC419ABA5D0F528BE8EF /* Pods_TrilogyTests.framework */ = {isa = PBXFileReference; explicitFileType = wrapper.framework; includeInIndex = 0; path = Pods_TrilogyTests.framework; sourceTree = BUILT_PRODUCTS_DIR; };
		5246518A20F7C079001DC664 /* LandingScreenDataSource.swift */ = {isa = PBXFileReference; lastKnownFileType = sourcecode.swift; path = LandingScreenDataSource.swift; sourceTree = "<group>"; };
		5246518D20F7C196001DC664 /* AreaSelection.swift */ = {isa = PBXFileReference; lastKnownFileType = sourcecode.swift; path = AreaSelection.swift; sourceTree = "<group>"; };
		5246518F20F7D35E001DC664 /* CategTableViewCell.swift */ = {isa = PBXFileReference; lastKnownFileType = sourcecode.swift; path = CategTableViewCell.swift; sourceTree = "<group>"; };
		5260CF3320DEE6BD0090CE28 /* LandingController.swift */ = {isa = PBXFileReference; lastKnownFileType = sourcecode.swift; path = LandingController.swift; sourceTree = "<group>"; };
		526CC64620E13F3100A36C0E /* SwiftyJSON.h */ = {isa = PBXFileReference; fileEncoding = 4; lastKnownFileType = sourcecode.c.h; name = SwiftyJSON.h; path = ../../../ios/SwiftyJSON.h; sourceTree = "<group>"; };
		526CC64720E13F3100A36C0E /* SwiftyJSON.swift */ = {isa = PBXFileReference; fileEncoding = 4; lastKnownFileType = sourcecode.swift; name = SwiftyJSON.swift; path = ../../../ios/SwiftyJSON.swift; sourceTree = "<group>"; };
		526CC64920E1422700A36C0E /* NetworkingManager.swift */ = {isa = PBXFileReference; lastKnownFileType = sourcecode.swift; path = NetworkingManager.swift; sourceTree = "<group>"; };
		526CC64B20E167F700A36C0E /* TermsAndConditionsViewController.swift */ = {isa = PBXFileReference; lastKnownFileType = sourcecode.swift; path = TermsAndConditionsViewController.swift; sourceTree = "<group>"; };
		52CC96AD20D3583E00113316 /* NextViewController.swift */ = {isa = PBXFileReference; lastKnownFileType = sourcecode.swift; path = NextViewController.swift; sourceTree = "<group>"; };
		52ED040520FF98D2001BF816 /* SliderViewController.swift */ = {isa = PBXFileReference; lastKnownFileType = sourcecode.swift; path = SliderViewController.swift; sourceTree = "<group>"; };
		52F50DC820CECB4100F626F6 /* Trilogy.app */ = {isa = PBXFileReference; explicitFileType = wrapper.application; includeInIndex = 0; path = Trilogy.app; sourceTree = BUILT_PRODUCTS_DIR; };
		52F50DCB20CECB4100F626F6 /* AppDelegate.swift */ = {isa = PBXFileReference; lastKnownFileType = sourcecode.swift; path = AppDelegate.swift; sourceTree = "<group>"; };
		52F50DCD20CECB4100F626F6 /* ViewController.swift */ = {isa = PBXFileReference; lastKnownFileType = sourcecode.swift; path = ViewController.swift; sourceTree = "<group>"; };
		52F50DD020CECB4100F626F6 /* Base */ = {isa = PBXFileReference; lastKnownFileType = file.storyboard; name = Base; path = Base.lproj/Main.storyboard; sourceTree = "<group>"; };
		52F50DD220CECB4300F626F6 /* Assets.xcassets */ = {isa = PBXFileReference; lastKnownFileType = folder.assetcatalog; path = Assets.xcassets; sourceTree = "<group>"; };
		52F50DD520CECB4300F626F6 /* Base */ = {isa = PBXFileReference; lastKnownFileType = file.storyboard; name = Base; path = Base.lproj/LaunchScreen.storyboard; sourceTree = "<group>"; };
		52F50DD720CECB4300F626F6 /* Info.plist */ = {isa = PBXFileReference; lastKnownFileType = text.plist.xml; path = Info.plist; sourceTree = "<group>"; };
		52F50DDC20CECB4300F626F6 /* TrilogyTests.xctest */ = {isa = PBXFileReference; explicitFileType = wrapper.cfbundle; includeInIndex = 0; path = TrilogyTests.xctest; sourceTree = BUILT_PRODUCTS_DIR; };
		52F50DE020CECB4300F626F6 /* TrilogyTests.swift */ = {isa = PBXFileReference; lastKnownFileType = sourcecode.swift; path = TrilogyTests.swift; sourceTree = "<group>"; };
		52F50DE220CECB4300F626F6 /* Info.plist */ = {isa = PBXFileReference; lastKnownFileType = text.plist.xml; path = Info.plist; sourceTree = "<group>"; };
		52F50DEB20CED15100F626F6 /* Trilogy-Bridging-Header.h */ = {isa = PBXFileReference; lastKnownFileType = sourcecode.c.h; path = "Trilogy-Bridging-Header.h"; sourceTree = "<group>"; };
		8F30BF0E703198337AA7B61F /* Pods-TrilogyTests.debug.xcconfig */ = {isa = PBXFileReference; includeInIndex = 1; lastKnownFileType = text.xcconfig; name = "Pods-TrilogyTests.debug.xcconfig"; path = "Pods/Target Support Files/Pods-TrilogyTests/Pods-TrilogyTests.debug.xcconfig"; sourceTree = "<group>"; };
		AC903EFFEC3FD9CE2317D972 /* Pods-Trilogy.release.xcconfig */ = {isa = PBXFileReference; includeInIndex = 1; lastKnownFileType = text.xcconfig; name = "Pods-Trilogy.release.xcconfig"; path = "Pods/Target Support Files/Pods-Trilogy/Pods-Trilogy.release.xcconfig"; sourceTree = "<group>"; };
		E3E5A6A965EA23F9C759965F /* Pods_Trilogy.framework */ = {isa = PBXFileReference; explicitFileType = wrapper.framework; includeInIndex = 0; path = Pods_Trilogy.framework; sourceTree = BUILT_PRODUCTS_DIR; };
/* End PBXFileReference section */

/* Begin PBXFrameworksBuildPhase section */
		52F50DC520CECB4100F626F6 /* Frameworks */ = {
			isa = PBXFrameworksBuildPhase;
			buildActionMask = 2147483647;
			files = (
				F7BEEFA1F018D7D5B472E5EF /* Pods_Trilogy.framework in Frameworks */,
			);
			runOnlyForDeploymentPostprocessing = 0;
		};
		52F50DD920CECB4300F626F6 /* Frameworks */ = {
			isa = PBXFrameworksBuildPhase;
			buildActionMask = 2147483647;
			files = (
				E61EA73930F666F4C92237FE /* Pods_TrilogyTests.framework in Frameworks */,
			);
			runOnlyForDeploymentPostprocessing = 0;
		};
/* End PBXFrameworksBuildPhase section */

/* Begin PBXGroup section */
		5246518C20F7C161001DC664 /* DataModels */ = {
			isa = PBXGroup;
			children = (
				5246518D20F7C196001DC664 /* AreaSelection.swift */,
				5246518A20F7C079001DC664 /* LandingScreenDataSource.swift */,
			);
			path = DataModels;
			sourceTree = "<group>";
		};
		526CC64520E13E9200A36C0E /* Networking */ = {
			isa = PBXGroup;
			children = (
				526CC64620E13F3100A36C0E /* SwiftyJSON.h */,
				526CC64720E13F3100A36C0E /* SwiftyJSON.swift */,
				526CC64920E1422700A36C0E /* NetworkingManager.swift */,
			);
			path = Networking;
			sourceTree = "<group>";
		};
		52CC96AF20D3597300113316 /* Views */ = {
			isa = PBXGroup;
			children = (
				5246518F20F7D35E001DC664 /* CategTableViewCell.swift */,
				52F50DCD20CECB4100F626F6 /* ViewController.swift */,
				52CC96AD20D3583E00113316 /* NextViewController.swift */,
				5260CF3320DEE6BD0090CE28 /* LandingController.swift */,
				526CC64B20E167F700A36C0E /* TermsAndConditionsViewController.swift */,
				52ED040520FF98D2001BF816 /* SliderViewController.swift */,
			);
			path = Views;
			sourceTree = "<group>";
		};
		52F50DBF20CECB4100F626F6 = {
			isa = PBXGroup;
			children = (
				52F50DCA20CECB4100F626F6 /* Trilogy */,
				52F50DDF20CECB4300F626F6 /* TrilogyTests */,
				52F50DC920CECB4100F626F6 /* Products */,
				52F50E4420CEF93900F626F6 /* Frameworks */,
				883D7F6108C025DF6854989B /* Pods */,
			);
			sourceTree = "<group>";
		};
		52F50DC920CECB4100F626F6 /* Products */ = {
			isa = PBXGroup;
			children = (
				52F50DC820CECB4100F626F6 /* Trilogy.app */,
				52F50DDC20CECB4300F626F6 /* TrilogyTests.xctest */,
			);
			name = Products;
			sourceTree = "<group>";
		};
		52F50DCA20CECB4100F626F6 /* Trilogy */ = {
			isa = PBXGroup;
			children = (
				5246518C20F7C161001DC664 /* DataModels */,
				52F50DCB20CECB4100F626F6 /* AppDelegate.swift */,
				526CC64520E13E9200A36C0E /* Networking */,
				52CC96AF20D3597300113316 /* Views */,
				52F50DCF20CECB4100F626F6 /* Main.storyboard */,
				52F50DD220CECB4300F626F6 /* Assets.xcassets */,
				52F50DD420CECB4300F626F6 /* LaunchScreen.storyboard */,
				52F50DD720CECB4300F626F6 /* Info.plist */,
				52F50DEB20CED15100F626F6 /* Trilogy-Bridging-Header.h */,
			);
			path = Trilogy;
			sourceTree = "<group>";
		};
		52F50DDF20CECB4300F626F6 /* TrilogyTests */ = {
			isa = PBXGroup;
			children = (
				52F50DE020CECB4300F626F6 /* TrilogyTests.swift */,
				52F50DE220CECB4300F626F6 /* Info.plist */,
			);
			path = TrilogyTests;
			sourceTree = "<group>";
		};
		52F50E4420CEF93900F626F6 /* Frameworks */ = {
			isa = PBXGroup;
			children = (
				E3E5A6A965EA23F9C759965F /* Pods_Trilogy.framework */,
				35B8EC419ABA5D0F528BE8EF /* Pods_TrilogyTests.framework */,
			);
			name = Frameworks;
			sourceTree = "<group>";
		};
		883D7F6108C025DF6854989B /* Pods */ = {
			isa = PBXGroup;
			children = (
				2AFE6DC9DE6345E4D62333A1 /* Pods-Trilogy.debug.xcconfig */,
				AC903EFFEC3FD9CE2317D972 /* Pods-Trilogy.release.xcconfig */,
				8F30BF0E703198337AA7B61F /* Pods-TrilogyTests.debug.xcconfig */,
				063BEE2E98A21D386DEE17EF /* Pods-TrilogyTests.release.xcconfig */,
			);
			name = Pods;
			sourceTree = "<group>";
		};
/* End PBXGroup section */

/* Begin PBXNativeTarget section */
		52F50DC720CECB4100F626F6 /* Trilogy */ = {
			isa = PBXNativeTarget;
			buildConfigurationList = 52F50DE520CECB4300F626F6 /* Build configuration list for PBXNativeTarget "Trilogy" */;
			buildPhases = (
				962AD3F6574A9A6049E7C17B /* [CP] Check Pods Manifest.lock */,
				52F50DC420CECB4100F626F6 /* Sources */,
				52F50DC520CECB4100F626F6 /* Frameworks */,
				52F50DC620CECB4100F626F6 /* Resources */,
				52F50E4820CEF94500F626F6 /* Embed Frameworks */,
				22FE42B5B7DC87D594A6BBB9 /* [CP] Embed Pods Frameworks */,
			);
			buildRules = (
			);
			dependencies = (
			);
			name = Trilogy;
			productName = Trilogy;
			productReference = 52F50DC820CECB4100F626F6 /* Trilogy.app */;
			productType = "com.apple.product-type.application";
		};
		52F50DDB20CECB4300F626F6 /* TrilogyTests */ = {
			isa = PBXNativeTarget;
			buildConfigurationList = 52F50DE820CECB4300F626F6 /* Build configuration list for PBXNativeTarget "TrilogyTests" */;
			buildPhases = (
				708B9410CA8691C3327240FE /* [CP] Check Pods Manifest.lock */,
				52F50DD820CECB4300F626F6 /* Sources */,
				52F50DD920CECB4300F626F6 /* Frameworks */,
				52F50DDA20CECB4300F626F6 /* Resources */,
				C197D2F13AD72A6C516D061A /* [CP] Embed Pods Frameworks */,
			);
			buildRules = (
			);
			dependencies = (
				52F50DDE20CECB4300F626F6 /* PBXTargetDependency */,
			);
			name = TrilogyTests;
			productName = TrilogyTests;
			productReference = 52F50DDC20CECB4300F626F6 /* TrilogyTests.xctest */;
			productType = "com.apple.product-type.bundle.unit-test";
		};
/* End PBXNativeTarget section */

/* Begin PBXProject section */
		52F50DC020CECB4100F626F6 /* Project object */ = {
			isa = PBXProject;
			attributes = {
				LastSwiftUpdateCheck = 0940;
				LastUpgradeCheck = 0940;
				ORGANIZATIONNAME = Trilogy;
				TargetAttributes = {
					52F50DC720CECB4100F626F6 = {
						CreatedOnToolsVersion = 9.4;
						LastSwiftMigration = 0940;
					};
					52F50DDB20CECB4300F626F6 = {
						CreatedOnToolsVersion = 9.4;
						TestTargetID = 52F50DC720CECB4100F626F6;
					};
				};
			};
			buildConfigurationList = 52F50DC320CECB4100F626F6 /* Build configuration list for PBXProject "Trilogy" */;
			compatibilityVersion = "Xcode 9.3";
			developmentRegion = en;
			hasScannedForEncodings = 0;
			knownRegions = (
				en,
				Base,
			);
			mainGroup = 52F50DBF20CECB4100F626F6;
			productRefGroup = 52F50DC920CECB4100F626F6 /* Products */;
			projectDirPath = "";
			projectRoot = "";
			targets = (
				52F50DC720CECB4100F626F6 /* Trilogy */,
				52F50DDB20CECB4300F626F6 /* TrilogyTests */,
			);
		};
/* End PBXProject section */

/* Begin PBXResourcesBuildPhase section */
		52F50DC620CECB4100F626F6 /* Resources */ = {
			isa = PBXResourcesBuildPhase;
			buildActionMask = 2147483647;
			files = (
				52F50DD620CECB4300F626F6 /* LaunchScreen.storyboard in Resources */,
				52F50DD320CECB4300F626F6 /* Assets.xcassets in Resources */,
				52F50DD120CECB4100F626F6 /* Main.storyboard in Resources */,
			);
			runOnlyForDeploymentPostprocessing = 0;
		};
		52F50DDA20CECB4300F626F6 /* Resources */ = {
			isa = PBXResourcesBuildPhase;
			buildActionMask = 2147483647;
			files = (
			);
			runOnlyForDeploymentPostprocessing = 0;
		};
/* End PBXResourcesBuildPhase section */

/* Begin PBXShellScriptBuildPhase section */
		22FE42B5B7DC87D594A6BBB9 /* [CP] Embed Pods Frameworks */ = {
			isa = PBXShellScriptBuildPhase;
			buildActionMask = 2147483647;
			files = (
			);
			inputPaths = (
				"${SRCROOT}/Pods/Target Support Files/Pods-Trilogy/Pods-Trilogy-frameworks.sh",
				"${BUILT_PRODUCTS_DIR}/Alamofire/Alamofire.framework",
				"${BUILT_PRODUCTS_DIR}/RangeSeekSlider/RangeSeekSlider.framework",
			);
			name = "[CP] Embed Pods Frameworks";
			outputPaths = (
				"${TARGET_BUILD_DIR}/${FRAMEWORKS_FOLDER_PATH}/Alamofire.framework",
				"${TARGET_BUILD_DIR}/${FRAMEWORKS_FOLDER_PATH}/RangeSeekSlider.framework",
			);
			runOnlyForDeploymentPostprocessing = 0;
			shellPath = /bin/sh;
			shellScript = "\"${SRCROOT}/Pods/Target Support Files/Pods-Trilogy/Pods-Trilogy-frameworks.sh\"\n";
			showEnvVarsInLog = 0;
		};
		708B9410CA8691C3327240FE /* [CP] Check Pods Manifest.lock */ = {
			isa = PBXShellScriptBuildPhase;
			buildActionMask = 2147483647;
			files = (
			);
			inputPaths = (
				"${PODS_PODFILE_DIR_PATH}/Podfile.lock",
				"${PODS_ROOT}/Manifest.lock",
			);
			name = "[CP] Check Pods Manifest.lock";
			outputPaths = (
				"$(DERIVED_FILE_DIR)/Pods-TrilogyTests-checkManifestLockResult.txt",
			);
			runOnlyForDeploymentPostprocessing = 0;
			shellPath = /bin/sh;
			shellScript = "diff \"${PODS_PODFILE_DIR_PATH}/Podfile.lock\" \"${PODS_ROOT}/Manifest.lock\" > /dev/null\nif [ $? != 0 ] ; then\n    # print error to STDERR\n    echo \"error: The sandbox is not in sync with the Podfile.lock. Run 'pod install' or update your CocoaPods installation.\" >&2\n    exit 1\nfi\n# This output is used by Xcode 'outputs' to avoid re-running this script phase.\necho \"SUCCESS\" > \"${SCRIPT_OUTPUT_FILE_0}\"\n";
			showEnvVarsInLog = 0;
		};
		962AD3F6574A9A6049E7C17B /* [CP] Check Pods Manifest.lock */ = {
			isa = PBXShellScriptBuildPhase;
			buildActionMask = 2147483647;
			files = (
			);
			inputPaths = (
				"${PODS_PODFILE_DIR_PATH}/Podfile.lock",
				"${PODS_ROOT}/Manifest.lock",
			);
			name = "[CP] Check Pods Manifest.lock";
			outputPaths = (
				"$(DERIVED_FILE_DIR)/Pods-Trilogy-checkManifestLockResult.txt",
			);
			runOnlyForDeploymentPostprocessing = 0;
			shellPath = /bin/sh;
			shellScript = "diff \"${PODS_PODFILE_DIR_PATH}/Podfile.lock\" \"${PODS_ROOT}/Manifest.lock\" > /dev/null\nif [ $? != 0 ] ; then\n    # print error to STDERR\n    echo \"error: The sandbox is not in sync with the Podfile.lock. Run 'pod install' or update your CocoaPods installation.\" >&2\n    exit 1\nfi\n# This output is used by Xcode 'outputs' to avoid re-running this script phase.\necho \"SUCCESS\" > \"${SCRIPT_OUTPUT_FILE_0}\"\n";
			showEnvVarsInLog = 0;
		};
		C197D2F13AD72A6C516D061A /* [CP] Embed Pods Frameworks */ = {
			isa = PBXShellScriptBuildPhase;
			buildActionMask = 2147483647;
			files = (
			);
			inputPaths = (
				"${SRCROOT}/Pods/Target Support Files/Pods-TrilogyTests/Pods-TrilogyTests-frameworks.sh",
				"${BUILT_PRODUCTS_DIR}/AFNetworking/AFNetworking.framework",
				"${BUILT_PRODUCTS_DIR}/IOSLinkedInAPIFix/IOSLinkedInAPIFix.framework",
				"${BUILT_PRODUCTS_DIR}/LinkedinSwift/LinkedinSwift.framework",
			);
			name = "[CP] Embed Pods Frameworks";
			outputPaths = (
				"${TARGET_BUILD_DIR}/${FRAMEWORKS_FOLDER_PATH}/AFNetworking.framework",
				"${TARGET_BUILD_DIR}/${FRAMEWORKS_FOLDER_PATH}/IOSLinkedInAPIFix.framework",
				"${TARGET_BUILD_DIR}/${FRAMEWORKS_FOLDER_PATH}/LinkedinSwift.framework",
			);
			runOnlyForDeploymentPostprocessing = 0;
			shellPath = /bin/sh;
			shellScript = "\"${SRCROOT}/Pods/Target Support Files/Pods-TrilogyTests/Pods-TrilogyTests-frameworks.sh\"\n";
			showEnvVarsInLog = 0;
		};
/* End PBXShellScriptBuildPhase section */

/* Begin PBXSourcesBuildPhase section */
		52F50DC420CECB4100F626F6 /* Sources */ = {
			isa = PBXSourcesBuildPhase;
			buildActionMask = 2147483647;
			files = (
				5246518B20F7C079001DC664 /* LandingScreenDataSource.swift in Sources */,
				52F50DCE20CECB4100F626F6 /* ViewController.swift in Sources */,
				52CC96AE20D3583E00113316 /* NextViewController.swift in Sources */,
				5260CF3420DEE6BD0090CE28 /* LandingController.swift in Sources */,
				526CC64A20E1422700A36C0E /* NetworkingManager.swift in Sources */,
				526CC64820E13F3100A36C0E /* SwiftyJSON.swift in Sources */,
				526CC64C20E167F700A36C0E /* TermsAndConditionsViewController.swift in Sources */,
				52ED040620FF98D2001BF816 /* SliderViewController.swift in Sources */,
				52F50DCC20CECB4100F626F6 /* AppDelegate.swift in Sources */,
				5246519020F7D35E001DC664 /* CategTableViewCell.swift in Sources */,
				5246518E20F7C196001DC664 /* AreaSelection.swift in Sources */,
			);
			runOnlyForDeploymentPostprocessing = 0;
		};
		52F50DD820CECB4300F626F6 /* Sources */ = {
			isa = PBXSourcesBuildPhase;
			buildActionMask = 2147483647;
			files = (
				52F50DE120CECB4300F626F6 /* TrilogyTests.swift in Sources */,
			);
			runOnlyForDeploymentPostprocessing = 0;
		};
/* End PBXSourcesBuildPhase section */

/* Begin PBXTargetDependency section */
		52F50DDE20CECB4300F626F6 /* PBXTargetDependency */ = {
			isa = PBXTargetDependency;
			target = 52F50DC720CECB4100F626F6 /* Trilogy */;
			targetProxy = 52F50DDD20CECB4300F626F6 /* PBXContainerItemProxy */;
		};
/* End PBXTargetDependency section */

/* Begin PBXVariantGroup section */
		52F50DCF20CECB4100F626F6 /* Main.storyboard */ = {
			isa = PBXVariantGroup;
			children = (
				52F50DD020CECB4100F626F6 /* Base */,
			);
			name = Main.storyboard;
			sourceTree = "<group>";
		};
		52F50DD420CECB4300F626F6 /* LaunchScreen.storyboard */ = {
			isa = PBXVariantGroup;
			children = (
				52F50DD520CECB4300F626F6 /* Base */,
			);
			name = LaunchScreen.storyboard;
			sourceTree = "<group>";
		};
/* End PBXVariantGroup section */

/* Begin XCBuildConfiguration section */
		52F50DE320CECB4300F626F6 /* Debug */ = {
			isa = XCBuildConfiguration;
			buildSettings = {
				ALWAYS_SEARCH_USER_PATHS = NO;
				CLANG_ANALYZER_NONNULL = YES;
				CLANG_ANALYZER_NUMBER_OBJECT_CONVERSION = YES_AGGRESSIVE;
				CLANG_CXX_LANGUAGE_STANDARD = "gnu++14";
				CLANG_CXX_LIBRARY = "libc++";
				CLANG_ENABLE_MODULES = YES;
				CLANG_ENABLE_OBJC_ARC = YES;
				CLANG_ENABLE_OBJC_WEAK = YES;
				CLANG_WARN_BLOCK_CAPTURE_AUTORELEASING = YES;
				CLANG_WARN_BOOL_CONVERSION = YES;
				CLANG_WARN_COMMA = YES;
				CLANG_WARN_CONSTANT_CONVERSION = YES;
				CLANG_WARN_DEPRECATED_OBJC_IMPLEMENTATIONS = YES;
				CLANG_WARN_DIRECT_OBJC_ISA_USAGE = YES_ERROR;
				CLANG_WARN_DOCUMENTATION_COMMENTS = YES;
				CLANG_WARN_EMPTY_BODY = YES;
				CLANG_WARN_ENUM_CONVERSION = YES;
				CLANG_WARN_INFINITE_RECURSION = YES;
				CLANG_WARN_INT_CONVERSION = YES;
				CLANG_WARN_NON_LITERAL_NULL_CONVERSION = YES;
				CLANG_WARN_OBJC_IMPLICIT_RETAIN_SELF = YES;
				CLANG_WARN_OBJC_LITERAL_CONVERSION = YES;
				CLANG_WARN_OBJC_ROOT_CLASS = YES_ERROR;
				CLANG_WARN_RANGE_LOOP_ANALYSIS = YES;
				CLANG_WARN_STRICT_PROTOTYPES = YES;
				CLANG_WARN_SUSPICIOUS_MOVE = YES;
				CLANG_WARN_UNGUARDED_AVAILABILITY = YES_AGGRESSIVE;
				CLANG_WARN_UNREACHABLE_CODE = YES;
				CLANG_WARN__DUPLICATE_METHOD_MATCH = YES;
				CODE_SIGN_IDENTITY = "iPhone Developer";
				COPY_PHASE_STRIP = NO;
				DEBUG_INFORMATION_FORMAT = dwarf;
				ENABLE_STRICT_OBJC_MSGSEND = YES;
				ENABLE_TESTABILITY = YES;
				GCC_C_LANGUAGE_STANDARD = gnu11;
				GCC_DYNAMIC_NO_PIC = NO;
				GCC_NO_COMMON_BLOCKS = YES;
				GCC_OPTIMIZATION_LEVEL = 0;
				GCC_PREPROCESSOR_DEFINITIONS = (
					"DEBUG=1",
					"$(inherited)",
				);
				GCC_WARN_64_TO_32_BIT_CONVERSION = YES;
				GCC_WARN_ABOUT_RETURN_TYPE = YES_ERROR;
				GCC_WARN_UNDECLARED_SELECTOR = YES;
				GCC_WARN_UNINITIALIZED_AUTOS = YES_AGGRESSIVE;
				GCC_WARN_UNUSED_FUNCTION = YES;
				GCC_WARN_UNUSED_VARIABLE = YES;
				IPHONEOS_DEPLOYMENT_TARGET = 11.4;
				MTL_ENABLE_DEBUG_INFO = YES;
				ONLY_ACTIVE_ARCH = YES;
				SDKROOT = iphoneos;
				SWIFT_ACTIVE_COMPILATION_CONDITIONS = DEBUG;
				SWIFT_OPTIMIZATION_LEVEL = "-Onone";
			};
			name = Debug;
		};
		52F50DE420CECB4300F626F6 /* Release */ = {
			isa = XCBuildConfiguration;
			buildSettings = {
				ALWAYS_SEARCH_USER_PATHS = NO;
				CLANG_ANALYZER_NONNULL = YES;
				CLANG_ANALYZER_NUMBER_OBJECT_CONVERSION = YES_AGGRESSIVE;
				CLANG_CXX_LANGUAGE_STANDARD = "gnu++14";
				CLANG_CXX_LIBRARY = "libc++";
				CLANG_ENABLE_MODULES = YES;
				CLANG_ENABLE_OBJC_ARC = YES;
				CLANG_ENABLE_OBJC_WEAK = YES;
				CLANG_WARN_BLOCK_CAPTURE_AUTORELEASING = YES;
				CLANG_WARN_BOOL_CONVERSION = YES;
				CLANG_WARN_COMMA = YES;
				CLANG_WARN_CONSTANT_CONVERSION = YES;
				CLANG_WARN_DEPRECATED_OBJC_IMPLEMENTATIONS = YES;
				CLANG_WARN_DIRECT_OBJC_ISA_USAGE = YES_ERROR;
				CLANG_WARN_DOCUMENTATION_COMMENTS = YES;
				CLANG_WARN_EMPTY_BODY = YES;
				CLANG_WARN_ENUM_CONVERSION = YES;
				CLANG_WARN_INFINITE_RECURSION = YES;
				CLANG_WARN_INT_CONVERSION = YES;
				CLANG_WARN_NON_LITERAL_NULL_CONVERSION = YES;
				CLANG_WARN_OBJC_IMPLICIT_RETAIN_SELF = YES;
				CLANG_WARN_OBJC_LITERAL_CONVERSION = YES;
				CLANG_WARN_OBJC_ROOT_CLASS = YES_ERROR;
				CLANG_WARN_RANGE_LOOP_ANALYSIS = YES;
				CLANG_WARN_STRICT_PROTOTYPES = YES;
				CLANG_WARN_SUSPICIOUS_MOVE = YES;
				CLANG_WARN_UNGUARDED_AVAILABILITY = YES_AGGRESSIVE;
				CLANG_WARN_UNREACHABLE_CODE = YES;
				CLANG_WARN__DUPLICATE_METHOD_MATCH = YES;
				CODE_SIGN_IDENTITY = "iPhone Developer";
				COPY_PHASE_STRIP = NO;
				DEBUG_INFORMATION_FORMAT = "dwarf-with-dsym";
				ENABLE_NS_ASSERTIONS = NO;
				ENABLE_STRICT_OBJC_MSGSEND = YES;
				GCC_C_LANGUAGE_STANDARD = gnu11;
				GCC_NO_COMMON_BLOCKS = YES;
				GCC_WARN_64_TO_32_BIT_CONVERSION = YES;
				GCC_WARN_ABOUT_RETURN_TYPE = YES_ERROR;
				GCC_WARN_UNDECLARED_SELECTOR = YES;
				GCC_WARN_UNINITIALIZED_AUTOS = YES_AGGRESSIVE;
				GCC_WARN_UNUSED_FUNCTION = YES;
				GCC_WARN_UNUSED_VARIABLE = YES;
				IPHONEOS_DEPLOYMENT_TARGET = 11.4;
				MTL_ENABLE_DEBUG_INFO = NO;
				SDKROOT = iphoneos;
				SWIFT_COMPILATION_MODE = wholemodule;
				SWIFT_OPTIMIZATION_LEVEL = "-O";
				VALIDATE_PRODUCT = YES;
			};
			name = Release;
		};
		52F50DE620CECB4300F626F6 /* Debug */ = {
			isa = XCBuildConfiguration;
			baseConfigurationReference = 2AFE6DC9DE6345E4D62333A1 /* Pods-Trilogy.debug.xcconfig */;
			buildSettings = {
				ASSETCATALOG_COMPILER_APPICON_NAME = AppIcon;
				CLANG_ENABLE_MODULES = YES;
				CODE_SIGN_STYLE = Automatic;
				DEVELOPMENT_TEAM = VYU5JKTB5J;
				FRAMEWORK_SEARCH_PATHS = (
					"$(inherited)",
					"$(PROJECT_DIR)/TrilogyTests/li-ios-sdk-1.0.7-release\\ (1)",
					"$(PROJECT_DIR)/TrilogyTests/li-ios-sdk-1.0.7-release\\ (1)",
				);
				INFOPLIST_FILE = Trilogy/Info.plist;
				LD_RUNPATH_SEARCH_PATHS = (
					"$(inherited)",
					"@executable_path/Frameworks",
				);
				PRODUCT_BUNDLE_IDENTIFIER = "Summit-Partners.Trilogy";
				PRODUCT_NAME = "$(TARGET_NAME)";
				SWIFT_OBJC_BRIDGING_HEADER = "Trilogy/Trilogy-Bridging-Header.h";
				SWIFT_OPTIMIZATION_LEVEL = "-Onone";
				SWIFT_VERSION = 4.0;
				TARGETED_DEVICE_FAMILY = "1,2";
			};
			name = Debug;
		};
		52F50DE720CECB4300F626F6 /* Release */ = {
			isa = XCBuildConfiguration;
			baseConfigurationReference = AC903EFFEC3FD9CE2317D972 /* Pods-Trilogy.release.xcconfig */;
			buildSettings = {
				ASSETCATALOG_COMPILER_APPICON_NAME = AppIcon;
				CLANG_ENABLE_MODULES = YES;
				CODE_SIGN_STYLE = Automatic;
				DEVELOPMENT_TEAM = VYU5JKTB5J;
				FRAMEWORK_SEARCH_PATHS = (
					"$(inherited)",
					"$(PROJECT_DIR)/TrilogyTests/li-ios-sdk-1.0.7-release\\ (1)",
					"$(PROJECT_DIR)/TrilogyTests/li-ios-sdk-1.0.7-release\\ (1)",
				);
				INFOPLIST_FILE = Trilogy/Info.plist;
				LD_RUNPATH_SEARCH_PATHS = (
					"$(inherited)",
					"@executable_path/Frameworks",
				);
				PRODUCT_BUNDLE_IDENTIFIER = "Summit-Partners.Trilogy";
				PRODUCT_NAME = "$(TARGET_NAME)";
				SWIFT_OBJC_BRIDGING_HEADER = "Trilogy/Trilogy-Bridging-Header.h";
				SWIFT_VERSION = 4.0;
				TARGETED_DEVICE_FAMILY = "1,2";
			};
			name = Release;
		};
		52F50DE920CECB4300F626F6 /* Debug */ = {
			isa = XCBuildConfiguration;
			baseConfigurationReference = 8F30BF0E703198337AA7B61F /* Pods-TrilogyTests.debug.xcconfig */;
			buildSettings = {
				ALWAYS_EMBED_SWIFT_STANDARD_LIBRARIES = YES;
				BUNDLE_LOADER = "$(TEST_HOST)";
				CODE_SIGN_STYLE = Automatic;
				DEVELOPMENT_TEAM = VYU5JKTB5J;
				INFOPLIST_FILE = TrilogyTests/Info.plist;
				LD_RUNPATH_SEARCH_PATHS = (
					"$(inherited)",
					"@executable_path/Frameworks",
					"@loader_path/Frameworks",
				);
				PRODUCT_BUNDLE_IDENTIFIER = "Summit-Partners.TrilogyTests";
				PRODUCT_NAME = "$(TARGET_NAME)";
				SWIFT_VERSION = 4.0;
				TARGETED_DEVICE_FAMILY = "1,2";
				TEST_HOST = "$(BUILT_PRODUCTS_DIR)/Trilogy.app/Trilogy";
			};
			name = Debug;
		};
		52F50DEA20CECB4300F626F6 /* Release */ = {
			isa = XCBuildConfiguration;
			baseConfigurationReference = 063BEE2E98A21D386DEE17EF /* Pods-TrilogyTests.release.xcconfig */;
			buildSettings = {
				ALWAYS_EMBED_SWIFT_STANDARD_LIBRARIES = YES;
				BUNDLE_LOADER = "$(TEST_HOST)";
				CODE_SIGN_STYLE = Automatic;
				DEVELOPMENT_TEAM = VYU5JKTB5J;
				INFOPLIST_FILE = TrilogyTests/Info.plist;
				LD_RUNPATH_SEARCH_PATHS = (
					"$(inherited)",
					"@executable_path/Frameworks",
					"@loader_path/Frameworks",
				);
				PRODUCT_BUNDLE_IDENTIFIER = "Summit-Partners.TrilogyTests";
				PRODUCT_NAME = "$(TARGET_NAME)";
				SWIFT_VERSION = 4.0;
				TARGETED_DEVICE_FAMILY = "1,2";
				TEST_HOST = "$(BUILT_PRODUCTS_DIR)/Trilogy.app/Trilogy";
			};
			name = Release;
		};
/* End XCBuildConfiguration section */

/* Begin XCConfigurationList section */
		52F50DC320CECB4100F626F6 /* Build configuration list for PBXProject "Trilogy" */ = {
			isa = XCConfigurationList;
			buildConfigurations = (
				52F50DE320CECB4300F626F6 /* Debug */,
				52F50DE420CECB4300F626F6 /* Release */,
			);
			defaultConfigurationIsVisible = 0;
			defaultConfigurationName = Release;
		};
		52F50DE520CECB4300F626F6 /* Build configuration list for PBXNativeTarget "Trilogy" */ = {
			isa = XCConfigurationList;
			buildConfigurations = (
				52F50DE620CECB4300F626F6 /* Debug */,
				52F50DE720CECB4300F626F6 /* Release */,
			);
			defaultConfigurationIsVisible = 0;
			defaultConfigurationName = Release;
		};
		52F50DE820CECB4300F626F6 /* Build configuration list for PBXNativeTarget "TrilogyTests" */ = {
			isa = XCConfigurationList;
			buildConfigurations = (
				52F50DE920CECB4300F626F6 /* Debug */,
				52F50DEA20CECB4300F626F6 /* Release */,
			);
			defaultConfigurationIsVisible = 0;
			defaultConfigurationName = Release;
		};
/* End XCConfigurationList section */
	};
	rootObject = 52F50DC020CECB4100F626F6 /* Project object */;
}
